
Microsoft Visual Studio Solution File, Format Version 12.00
# Visual Studio Version 17
VisualStudioVersion = 17.3.32811.315
MinimumVisualStudioVersion = 10.0.40219.1
Project("{FAE04EC0-301F-11D3-BF4B-00C04F79EFBC}") = "vetor", "vetor\vetor.csproj", "{5E7760E7-A591-42B0-A49C-B7A651AE3CEA}"
EndProject
Global
	GlobalSection(SolutionConfigurationPlatforms) = preSolution
		Debug|Any CPU = Debug|Any CPU
		Release|Any CPU = Release|Any CPU
	EndGlobalSection
	GlobalSection(ProjectConfigurationPlatforms) = postSolution
		{5E7760E7-A591-42B0-A49C-B7A651AE3CEA}.Debug|Any CPU.ActiveCfg = Debug|Any CPU
		{5E7760E7-A591-42B0-A49C-B7A651AE3CEA}.Debug|Any CPU.Build.0 = Debug|Any CPU
		{5E7760E7-A591-42B0-A49C-B7A651AE3CEA}.Release|Any CPU.ActiveCfg = Release|Any CPU
		{5E7760E7-A591-42B0-A49C-B7A651AE3CEA}.Release|Any CPU.Build.0 = Release|Any CPU
	EndGlobalSection
	GlobalSection(SolutionProperties) = preSolution
		HideSolutionNode = FALSE
	EndGlobalSection
	GlobalSection(ExtensibilityGlobals) = postSolution
		SolutionGuid = {AAC7CFB3-7BD9-4E70-9EFE-8C5C9EACD196}
	EndGlobalSection
EndGlobal
